// !$*UTF8*$!
{
	archiveVersion = 1;
	classes = {
	};
	objectVersion = 56;
	objects = {

/* Begin PBXBuildFile section */
		CFA9DEB42C50F15E005CF229 /* AppDelegate.swift in Sources */ = {isa = PBXBuildFile; fileRef = CFA9DEB32C50F15E005CF229 /* AppDelegate.swift */; };
		CFA9DEB82C50F15E005CF229 /* SignUpScreenVC.swift in Sources */ = {isa = PBXBuildFile; fileRef = CFA9DEB72C50F15E005CF229 /* SignUpScreenVC.swift */; };
		CFA9DEBD2C50F15F005CF229 /* Assets.xcassets in Resources */ = {isa = PBXBuildFile; fileRef = CFA9DEBC2C50F15F005CF229 /* Assets.xcassets */; };
		CFA9DEC02C50F15F005CF229 /* Base in Resources */ = {isa = PBXBuildFile; fileRef = CFA9DEBF2C50F15F005CF229 /* Base */; };
		CFA9DEC92C50F188005CF229 /* SnapKit in Frameworks */ = {isa = PBXBuildFile; productRef = CFA9DEC82C50F188005CF229 /* SnapKit */; };
		CFA9DECE2C50F8C1005CF229 /* FirebaseAuth in Frameworks */ = {isa = PBXBuildFile; productRef = CFA9DECD2C50F8C1005CF229 /* FirebaseAuth */; };
		CFA9DED02C51457E005CF229 /* GoogleService-Info.plist in Resources */ = {isa = PBXBuildFile; fileRef = CFA9DECF2C51457E005CF229 /* GoogleService-Info.plist */; };
		CFA9DED22C5145EA005CF229 /* SignInScreenVC.swift in Sources */ = {isa = PBXBuildFile; fileRef = CFA9DED12C5145EA005CF229 /* SignInScreenVC.swift */; };
		CFA9DED42C514628005CF229 /* VerifyScreenVC.swift in Sources */ = {isa = PBXBuildFile; fileRef = CFA9DED32C514627005CF229 /* VerifyScreenVC.swift */; };
		CFA9DED62C524071005CF229 /* AppUsableScreenVC.swift in Sources */ = {isa = PBXBuildFile; fileRef = CFA9DED52C524071005CF229 /* AppUsableScreenVC.swift */; };
		CFA9DED82C525D9E005CF229 /* ResetPasswordScreenVC.swift in Sources */ = {isa = PBXBuildFile; fileRef = CFA9DED72C525D9E005CF229 /* ResetPasswordScreenVC.swift */; };
/* End PBXBuildFile section */

/* Begin PBXFileReference section */
		CFA9DEB02C50F15E005CF229 /* Authentication.app */ = {isa = PBXFileReference; explicitFileType = wrapper.application; includeInIndex = 0; path = Authentication.app; sourceTree = BUILT_PRODUCTS_DIR; };
		CFA9DEB32C50F15E005CF229 /* AppDelegate.swift */ = {isa = PBXFileReference; lastKnownFileType = sourcecode.swift; path = AppDelegate.swift; sourceTree = "<group>"; };
		CFA9DEB72C50F15E005CF229 /* SignUpScreenVC.swift */ = {isa = PBXFileReference; lastKnownFileType = sourcecode.swift; path = SignUpScreenVC.swift; sourceTree = "<group>"; };
		CFA9DEBC2C50F15F005CF229 /* Assets.xcassets */ = {isa = PBXFileReference; lastKnownFileType = folder.assetcatalog; path = Assets.xcassets; sourceTree = "<group>"; };
		CFA9DEBF2C50F15F005CF229 /* Base */ = {isa = PBXFileReference; lastKnownFileType = file.storyboard; name = Base; path = Base.lproj/LaunchScreen.storyboard; sourceTree = "<group>"; };
		CFA9DEC12C50F15F005CF229 /* Info.plist */ = {isa = PBXFileReference; lastKnownFileType = text.plist.xml; path = Info.plist; sourceTree = "<group>"; };
		CFA9DECF2C51457E005CF229 /* GoogleService-Info.plist */ = {isa = PBXFileReference; fileEncoding = 4; lastKnownFileType = text.plist.xml; path = "GoogleService-Info.plist"; sourceTree = "<group>"; };
		CFA9DED12C5145EA005CF229 /* SignInScreenVC.swift */ = {isa = PBXFileReference; lastKnownFileType = sourcecode.swift; path = SignInScreenVC.swift; sourceTree = "<group>"; };
		CFA9DED32C514627005CF229 /* VerifyScreenVC.swift */ = {isa = PBXFileReference; lastKnownFileType = sourcecode.swift; path = VerifyScreenVC.swift; sourceTree = "<group>"; };
		CFA9DED52C524071005CF229 /* AppUsableScreenVC.swift */ = {isa = PBXFileReference; lastKnownFileType = sourcecode.swift; path = AppUsableScreenVC.swift; sourceTree = "<group>"; };
		CFA9DED72C525D9E005CF229 /* ResetPasswordScreenVC.swift */ = {isa = PBXFileReference; lastKnownFileType = sourcecode.swift; path = ResetPasswordScreenVC.swift; sourceTree = "<group>"; };
/* End PBXFileReference section */

/* Begin PBXFrameworksBuildPhase section */
		CFA9DEAD2C50F15E005CF229 /* Frameworks */ = {
			isa = PBXFrameworksBuildPhase;
			buildActionMask = 2147483647;
			files = (
				CFA9DEC92C50F188005CF229 /* SnapKit in Frameworks */,
				CFA9DECE2C50F8C1005CF229 /* FirebaseAuth in Frameworks */,
			);
			runOnlyForDeploymentPostprocessing = 0;
		};
/* End PBXFrameworksBuildPhase section */

/* Begin PBXGroup section */
		CFA9DEA72C50F15E005CF229 = {
			isa = PBXGroup;
			children = (
				CFA9DEB22C50F15E005CF229 /* Authentication */,
				CFA9DEB12C50F15E005CF229 /* Products */,
			);
			sourceTree = "<group>";
		};
		CFA9DEB12C50F15E005CF229 /* Products */ = {
			isa = PBXGroup;
			children = (
				CFA9DEB02C50F15E005CF229 /* Authentication.app */,
			);
			name = Products;
			sourceTree = "<group>";
		};
		CFA9DEB22C50F15E005CF229 /* Authentication */ = {
			isa = PBXGroup;
			children = (
				CFA9DEB32C50F15E005CF229 /* AppDelegate.swift */,
				CFA9DEB72C50F15E005CF229 /* SignUpScreenVC.swift */,
				CFA9DED32C514627005CF229 /* VerifyScreenVC.swift */,
				CFA9DED12C5145EA005CF229 /* SignInScreenVC.swift */,
				CFA9DED72C525D9E005CF229 /* ResetPasswordScreenVC.swift */,
				CFA9DED52C524071005CF229 /* AppUsableScreenVC.swift */,
				CFA9DEBC2C50F15F005CF229 /* Assets.xcassets */,
				CFA9DEBE2C50F15F005CF229 /* LaunchScreen.storyboard */,
				CFA9DEC12C50F15F005CF229 /* Info.plist */,
				CFA9DECF2C51457E005CF229 /* GoogleService-Info.plist */,
			);
			path = Authentication;
			sourceTree = "<group>";
		};
/* End PBXGroup section */

/* Begin PBXNativeTarget section */
		CFA9DEAF2C50F15E005CF229 /* Authentication */ = {
			isa = PBXNativeTarget;
			buildConfigurationList = CFA9DEC42C50F15F005CF229 /* Build configuration list for PBXNativeTarget "Authentication" */;
			buildPhases = (
				CFA9DEAC2C50F15E005CF229 /* Sources */,
				CFA9DEAD2C50F15E005CF229 /* Frameworks */,
				CFA9DEAE2C50F15E005CF229 /* Resources */,
			);
			buildRules = (
			);
			dependencies = (
			);
			name = Authentication;
			packageProductDependencies = (
				CFA9DEC82C50F188005CF229 /* SnapKit */,
				CFA9DECD2C50F8C1005CF229 /* FirebaseAuth */,
			);
			productName = Authentication;
			productReference = CFA9DEB02C50F15E005CF229 /* Authentication.app */;
			productType = "com.apple.product-type.application";
		};
/* End PBXNativeTarget section */

/* Begin PBXProject section */
		CFA9DEA82C50F15E005CF229 /* Project object */ = {
			isa = PBXProject;
			attributes = {
				BuildIndependentTargetsInParallel = 1;
				LastSwiftUpdateCheck = 1540;
				LastUpgradeCheck = 1540;
				TargetAttributes = {
					CFA9DEAF2C50F15E005CF229 = {
						CreatedOnToolsVersion = 15.4;
					};
				};
			};
			buildConfigurationList = CFA9DEAB2C50F15E005CF229 /* Build configuration list for PBXProject "Authentication" */;
			compatibilityVersion = "Xcode 14.0";
			developmentRegion = en;
			hasScannedForEncodings = 0;
			knownRegions = (
				en,
				Base,
			);
			mainGroup = CFA9DEA72C50F15E005CF229;
			packageReferences = (
				CFA9DEC72C50F188005CF229 /* XCRemoteSwiftPackageReference "SnapKit" */,
				CFA9DECC2C50F8C1005CF229 /* XCRemoteSwiftPackageReference "firebase-ios-sdk" */,
			);
			productRefGroup = CFA9DEB12C50F15E005CF229 /* Products */;
			projectDirPath = "";
			projectRoot = "";
			targets = (
				CFA9DEAF2C50F15E005CF229 /* Authentication */,
			);
		};
/* End PBXProject section */

/* Begin PBXResourcesBuildPhase section */
		CFA9DEAE2C50F15E005CF229 /* Resources */ = {
			isa = PBXResourcesBuildPhase;
			buildActionMask = 2147483647;
			files = (
				CFA9DEBD2C50F15F005CF229 /* Assets.xcassets in Resources */,
				CFA9DEC02C50F15F005CF229 /* Base in Resources */,
				CFA9DED02C51457E005CF229 /* GoogleService-Info.plist in Resources */,
			);
			runOnlyForDeploymentPostprocessing = 0;
		};
/* End PBXResourcesBuildPhase section */

/* Begin PBXSourcesBuildPhase section */
		CFA9DEAC2C50F15E005CF229 /* Sources */ = {
			isa = PBXSourcesBuildPhase;
			buildActionMask = 2147483647;
			files = (
				CFA9DED22C5145EA005CF229 /* SignInScreenVC.swift in Sources */,
				CFA9DED42C514628005CF229 /* VerifyScreenVC.swift in Sources */,
				CFA9DED62C524071005CF229 /* AppUsableScreenVC.swift in Sources */,
				CFA9DED82C525D9E005CF229 /* ResetPasswordScreenVC.swift in Sources */,
				CFA9DEB82C50F15E005CF229 /* SignUpScreenVC.swift in Sources */,
				CFA9DEB42C50F15E005CF229 /* AppDelegate.swift in Sources */,
			);
			runOnlyForDeploymentPostprocessing = 0;
		};
/* End PBXSourcesBuildPhase section */

/* Begin PBXVariantGroup section */
		CFA9DEBE2C50F15F005CF229 /* LaunchScreen.storyboard */ = {
			isa = PBXVariantGroup;
			children = (
				CFA9DEBF2C50F15F005CF229 /* Base */,
			);
			name = LaunchScreen.storyboard;
			sourceTree = "<group>";
		};
/* End PBXVariantGroup section */

/* Begin XCBuildConfiguration section */
		CFA9DEC22C50F15F005CF229 /* Debug */ = {
			isa = XCBuildConfiguration;
			buildSettings = {
				ALWAYS_SEARCH_USER_PATHS = NO;
				ASSETCATALOG_COMPILER_GENERATE_SWIFT_ASSET_SYMBOL_EXTENSIONS = YES;
				CLANG_ANALYZER_NONNULL = YES;
				CLANG_ANALYZER_NUMBER_OBJECT_CONVERSION = YES_AGGRESSIVE;
				CLANG_CXX_LANGUAGE_STANDARD = "gnu++20";
				CLANG_ENABLE_MODULES = YES;
				CLANG_ENABLE_OBJC_ARC = YES;
				CLANG_ENABLE_OBJC_WEAK = YES;
				CLANG_WARN_BLOCK_CAPTURE_AUTORELEASING = YES;
				CLANG_WARN_BOOL_CONVERSION = YES;
				CLANG_WARN_COMMA = YES;
				CLANG_WARN_CONSTANT_CONVERSION = YES;
				CLANG_WARN_DEPRECATED_OBJC_IMPLEMENTATIONS = YES;
				CLANG_WARN_DIRECT_OBJC_ISA_USAGE = YES_ERROR;
				CLANG_WARN_DOCUMENTATION_COMMENTS = YES;
				CLANG_WARN_EMPTY_BODY = YES;
				CLANG_WARN_ENUM_CONVERSION = YES;
				CLANG_WARN_INFINITE_RECURSION = YES;
				CLANG_WARN_INT_CONVERSION = YES;
				CLANG_WARN_NON_LITERAL_NULL_CONVERSION = YES;
				CLANG_WARN_OBJC_IMPLICIT_RETAIN_SELF = YES;
				CLANG_WARN_OBJC_LITERAL_CONVERSION = YES;
				CLANG_WARN_OBJC_ROOT_CLASS = YES_ERROR;
				CLANG_WARN_QUOTED_INCLUDE_IN_FRAMEWORK_HEADER = YES;
				CLANG_WARN_RANGE_LOOP_ANALYSIS = YES;
				CLANG_WARN_STRICT_PROTOTYPES = YES;
				CLANG_WARN_SUSPICIOUS_MOVE = YES;
				CLANG_WARN_UNGUARDED_AVAILABILITY = YES_AGGRESSIVE;
				CLANG_WARN_UNREACHABLE_CODE = YES;
				CLANG_WARN__DUPLICATE_METHOD_MATCH = YES;
				COPY_PHASE_STRIP = NO;
				DEBUG_INFORMATION_FORMAT = dwarf;
				ENABLE_STRICT_OBJC_MSGSEND = YES;
				ENABLE_TESTABILITY = YES;
				ENABLE_USER_SCRIPT_SANDBOXING = YES;
				GCC_C_LANGUAGE_STANDARD = gnu17;
				GCC_DYNAMIC_NO_PIC = NO;
				GCC_NO_COMMON_BLOCKS = YES;
				GCC_OPTIMIZATION_LEVEL = 0;
				GCC_PREPROCESSOR_DEFINITIONS = (
					"DEBUG=1",
					"$(inherited)",
				);
				GCC_WARN_64_TO_32_BIT_CONVERSION = YES;
				GCC_WARN_ABOUT_RETURN_TYPE = YES_ERROR;
				GCC_WARN_UNDECLARED_SELECTOR = YES;
				GCC_WARN_UNINITIALIZED_AUTOS = YES_AGGRESSIVE;
				GCC_WARN_UNUSED_FUNCTION = YES;
				GCC_WARN_UNUSED_VARIABLE = YES;
				IPHONEOS_DEPLOYMENT_TARGET = 17.5;
				LOCALIZATION_PREFERS_STRING_CATALOGS = YES;
				MTL_ENABLE_DEBUG_INFO = INCLUDE_SOURCE;
				MTL_FAST_MATH = YES;
				ONLY_ACTIVE_ARCH = YES;
				SDKROOT = iphoneos;
				SWIFT_ACTIVE_COMPILATION_CONDITIONS = "DEBUG $(inherited)";
				SWIFT_OPTIMIZATION_LEVEL = "-Onone";
			};
			name = Debug;
		};
		CFA9DEC32C50F15F005CF229 /* Release */ = {
			isa = XCBuildConfiguration;
			buildSettings = {
				ALWAYS_SEARCH_USER_PATHS = NO;
				ASSETCATALOG_COMPILER_GENERATE_SWIFT_ASSET_SYMBOL_EXTENSIONS = YES;
				CLANG_ANALYZER_NONNULL = YES;
				CLANG_ANALYZER_NUMBER_OBJECT_CONVERSION = YES_AGGRESSIVE;
				CLANG_CXX_LANGUAGE_STANDARD = "gnu++20";
				CLANG_ENABLE_MODULES = YES;
				CLANG_ENABLE_OBJC_ARC = YES;
				CLANG_ENABLE_OBJC_WEAK = YES;
				CLANG_WARN_BLOCK_CAPTURE_AUTORELEASING = YES;
				CLANG_WARN_BOOL_CONVERSION = YES;
				CLANG_WARN_COMMA = YES;
				CLANG_WARN_CONSTANT_CONVERSION = YES;
				CLANG_WARN_DEPRECATED_OBJC_IMPLEMENTATIONS = YES;
				CLANG_WARN_DIRECT_OBJC_ISA_USAGE = YES_ERROR;
				CLANG_WARN_DOCUMENTATION_COMMENTS = YES;
				CLANG_WARN_EMPTY_BODY = YES;
				CLANG_WARN_ENUM_CONVERSION = YES;
				CLANG_WARN_INFINITE_RECURSION = YES;
				CLANG_WARN_INT_CONVERSION = YES;
				CLANG_WARN_NON_LITERAL_NULL_CONVERSION = YES;
				CLANG_WARN_OBJC_IMPLICIT_RETAIN_SELF = YES;
				CLANG_WARN_OBJC_LITERAL_CONVERSION = YES;
				CLANG_WARN_OBJC_ROOT_CLASS = YES_ERROR;
				CLANG_WARN_QUOTED_INCLUDE_IN_FRAMEWORK_HEADER = YES;
				CLANG_WARN_RANGE_LOOP_ANALYSIS = YES;
				CLANG_WARN_STRICT_PROTOTYPES = YES;
				CLANG_WARN_SUSPICIOUS_MOVE = YES;
				CLANG_WARN_UNGUARDED_AVAILABILITY = YES_AGGRESSIVE;
				CLANG_WARN_UNREACHABLE_CODE = YES;
				CLANG_WARN__DUPLICATE_METHOD_MATCH = YES;
				COPY_PHASE_STRIP = NO;
				DEBUG_INFORMATION_FORMAT = "dwarf-with-dsym";
				ENABLE_NS_ASSERTIONS = NO;
				ENABLE_STRICT_OBJC_MSGSEND = YES;
				ENABLE_USER_SCRIPT_SANDBOXING = YES;
				GCC_C_LANGUAGE_STANDARD = gnu17;
				GCC_NO_COMMON_BLOCKS = YES;
				GCC_WARN_64_TO_32_BIT_CONVERSION = YES;
				GCC_WARN_ABOUT_RETURN_TYPE = YES_ERROR;
				GCC_WARN_UNDECLARED_SELECTOR = YES;
				GCC_WARN_UNINITIALIZED_AUTOS = YES_AGGRESSIVE;
				GCC_WARN_UNUSED_FUNCTION = YES;
				GCC_WARN_UNUSED_VARIABLE = YES;
				IPHONEOS_DEPLOYMENT_TARGET = 17.5;
				LOCALIZATION_PREFERS_STRING_CATALOGS = YES;
				MTL_ENABLE_DEBUG_INFO = NO;
				MTL_FAST_MATH = YES;
				SDKROOT = iphoneos;
				SWIFT_COMPILATION_MODE = wholemodule;
				VALIDATE_PRODUCT = YES;
			};
			name = Release;
		};
		CFA9DEC52C50F15F005CF229 /* Debug */ = {
			isa = XCBuildConfiguration;
			buildSettings = {
				ASSETCATALOG_COMPILER_APPICON_NAME = AppIcon;
				ASSETCATALOG_COMPILER_GLOBAL_ACCENT_COLOR_NAME = AccentColor;
				CODE_SIGN_STYLE = Automatic;
				CURRENT_PROJECT_VERSION = 1;
				DEVELOPMENT_TEAM = 9AFJ489937;
				GENERATE_INFOPLIST_FILE = YES;
				INFOPLIST_FILE = Authentication/Info.plist;
				INFOPLIST_KEY_UIApplicationSupportsIndirectInputEvents = YES;
				INFOPLIST_KEY_UILaunchStoryboardName = LaunchScreen;
				INFOPLIST_KEY_UISupportedInterfaceOrientations_iPad = "UIInterfaceOrientationPortrait UIInterfaceOrientationPortraitUpsideDown UIInterfaceOrientationLandscapeLeft UIInterfaceOrientationLandscapeRight";
				INFOPLIST_KEY_UISupportedInterfaceOrientations_iPhone = "UIInterfaceOrientationPortrait UIInterfaceOrientationLandscapeLeft UIInterfaceOrientationLandscapeRight";
				LD_RUNPATH_SEARCH_PATHS = (
					"$(inherited)",
					"@executable_path/Frameworks",
				);
				MARKETING_VERSION = 1.0;
				PRODUCT_BUNDLE_IDENTIFIER = muzafferselcukarioz.Authentication;
				PRODUCT_NAME = "$(TARGET_NAME)";
				SWIFT_EMIT_LOC_STRINGS = YES;
				SWIFT_VERSION = 5.0;
				TARGETED_DEVICE_FAMILY = "1,2";
			};
			name = Debug;
		};
		CFA9DEC62C50F15F005CF229 /* Release */ = {
			isa = XCBuildConfiguration;
			buildSettings = {
				ASSETCATALOG_COMPILER_APPICON_NAME = AppIcon;
				ASSETCATALOG_COMPILER_GLOBAL_ACCENT_COLOR_NAME = AccentColor;
				CODE_SIGN_STYLE = Automatic;
				CURRENT_PROJECT_VERSION = 1;
				DEVELOPMENT_TEAM = 9AFJ489937;
				GENERATE_INFOPLIST_FILE = YES;
				INFOPLIST_FILE = Authentication/Info.plist;
				INFOPLIST_KEY_UIApplicationSupportsIndirectInputEvents = YES;
				INFOPLIST_KEY_UILaunchStoryboardName = LaunchScreen;
				INFOPLIST_KEY_UISupportedInterfaceOrientations_iPad = "UIInterfaceOrientationPortrait UIInterfaceOrientationPortraitUpsideDown UIInterfaceOrientationLandscapeLeft UIInterfaceOrientationLandscapeRight";
				INFOPLIST_KEY_UISupportedInterfaceOrientations_iPhone = "UIInterfaceOrientationPortrait UIInterfaceOrientationLandscapeLeft UIInterfaceOrientationLandscapeRight";
				LD_RUNPATH_SEARCH_PATHS = (
					"$(inherited)",
					"@executable_path/Frameworks",
				);
				MARKETING_VERSION = 1.0;
				PRODUCT_BUNDLE_IDENTIFIER = muzafferselcukarioz.Authentication;
				PRODUCT_NAME = "$(TARGET_NAME)";
				SWIFT_EMIT_LOC_STRINGS = YES;
				SWIFT_VERSION = 5.0;
				TARGETED_DEVICE_FAMILY = "1,2";
			};
			name = Release;
		};
/* End XCBuildConfiguration section */

/* Begin XCConfigurationList section */
		CFA9DEAB2C50F15E005CF229 /* Build configuration list for PBXProject "Authentication" */ = {
			isa = XCConfigurationList;
			buildConfigurations = (
				CFA9DEC22C50F15F005CF229 /* Debug */,
				CFA9DEC32C50F15F005CF229 /* Release */,
			);
			defaultConfigurationIsVisible = 0;
			defaultConfigurationName = Release;
		};
		CFA9DEC42C50F15F005CF229 /* Build configuration list for PBXNativeTarget "Authentication" */ = {
			isa = XCConfigurationList;
			buildConfigurations = (
				CFA9DEC52C50F15F005CF229 /* Debug */,
				CFA9DEC62C50F15F005CF229 /* Release */,
			);
			defaultConfigurationIsVisible = 0;
			defaultConfigurationName = Release;
		};
/* End XCConfigurationList section */

/* Begin XCRemoteSwiftPackageReference section */
		CFA9DEC72C50F188005CF229 /* XCRemoteSwiftPackageReference "SnapKit" */ = {
			isa = XCRemoteSwiftPackageReference;
			repositoryURL = "https://github.com/SnapKit/SnapKit.git";
			requirement = {
				kind = upToNextMajorVersion;
				minimumVersion = 5.7.1;
			};
		};
		CFA9DECC2C50F8C1005CF229 /* XCRemoteSwiftPackageReference "firebase-ios-sdk" */ = {
			isa = XCRemoteSwiftPackageReference;
			repositoryURL = "https://github.com/firebase/firebase-ios-sdk";
			requirement = {
				kind = upToNextMajorVersion;
				minimumVersion = 10.29.0;
			};
		};
/* End XCRemoteSwiftPackageReference section */

/* Begin XCSwiftPackageProductDependency section */
		CFA9DEC82C50F188005CF229 /* SnapKit */ = {
			isa = XCSwiftPackageProductDependency;
			package = CFA9DEC72C50F188005CF229 /* XCRemoteSwiftPackageReference "SnapKit" */;
			productName = SnapKit;
		};
		CFA9DECD2C50F8C1005CF229 /* FirebaseAuth */ = {
			isa = XCSwiftPackageProductDependency;
			package = CFA9DECC2C50F8C1005CF229 /* XCRemoteSwiftPackageReference "firebase-ios-sdk" */;
			productName = FirebaseAuth;
		};
/* End XCSwiftPackageProductDependency section */
	};
	rootObject = CFA9DEA82C50F15E005CF229 /* Project object */;
}
